{
  "name": "rxjsdemo",
  "version": "1.0.0",
  "lockfileVersion": 1,
  "requires": true,
  "dependencies": {
    "rxjs": {
      "version": "6.3.3",
      "resolved": "http://registry.npm.taobao.org/rxjs/download/rxjs-6.3.3.tgz",
      "integrity": "sha1-PGp/pCDoRKgTkPsRWKnsYU9LrVU=",
      "requires": {
        "tslib": "^1.9.0"
      }
    },
    "tslib": {
      "version": "1.9.3",
      "resolved": "http://registry.npm.taobao.org/tslib/download/tslib-1.9.3.tgz",
      "integrity": "sha1-1+TdeSRdhUKMTX5IIqeZF5VMooY="
    }
  }
}
